
Microsoft Visual Studio Solution File, Format Version 12.00
Project("{FAE04EC0-301F-11D3-BF4B-00C04F79EFBC}") = "KLPlugins.DynLeaderboards", "KLPlugins.DynLeaderboards\KLPlugins.DynLeaderboards.csproj", "{244152BA-EC59-4506-8482-77A2AD011B47}"
EndProject
Project("{FAE04EC0-301F-11D3-BF4B-00C04F79EFBC}") = "KLPlugins.DynLeaderboards.Settings", "KLPlugins.DynLeaderboards.Settings\KLPlugins.DynLeaderboards.Settings.csproj", "{9A096964-E254-4906-A420-20F5A09F30AD}"
EndProject
Project("{FAE04EC0-301F-11D3-BF4B-00C04F79EFBC}") = "KLPlugins.DynLeaderboards.Common", "KLPlugins.DynLeaderboards.Common\KLPlugins.DynLeaderboards.Common.csproj", "{F0009219-C94E-4CCF-B9C7-235621D97106}"
EndProject
Project("{FAE04EC0-301F-11D3-BF4B-00C04F79EFBC}") = "KLPlugins.DynLeaderboards.Logging", "KLPlugins.DynLeaderboards.Logging\KLPlugins.DynLeaderboards.Logging.csproj", "{BC5BF488-FE53-4DA8-8D82-F3589A7B64AA}"
EndProject
Global
	GlobalSection(SolutionConfigurationPlatforms) = preSolution
		Debug|Any CPU = Debug|Any CPU
		Release|Any CPU = Release|Any CPU
		Timings|Any CPU = Timings|Any CPU
		Debug Docs|Any CPU = Debug Docs|Any CPU
		Debug Design|Any CPU = Debug Design|Any CPU
	EndGlobalSection
	GlobalSection(ProjectConfigurationPlatforms) = postSolution
		{244152BA-EC59-4506-8482-77A2AD011B47}.Debug|Any CPU.ActiveCfg = Debug|Any CPU
		{244152BA-EC59-4506-8482-77A2AD011B47}.Debug|Any CPU.Build.0 = Debug|Any CPU
		{244152BA-EC59-4506-8482-77A2AD011B47}.Release|Any CPU.ActiveCfg = Release|Any CPU
		{244152BA-EC59-4506-8482-77A2AD011B47}.Release|Any CPU.Build.0 = Release|Any CPU
		{244152BA-EC59-4506-8482-77A2AD011B47}.Timings|Any CPU.ActiveCfg = Timings|Any CPU
		{244152BA-EC59-4506-8482-77A2AD011B47}.Timings|Any CPU.Build.0 = Timings|Any CPU
		{244152BA-EC59-4506-8482-77A2AD011B47}.Debug Design|Any CPU.ActiveCfg = Debug|Any CPU
		{244152BA-EC59-4506-8482-77A2AD011B47}.Debug Design|Any CPU.Build.0 = Debug|Any CPU
		{244152BA-EC59-4506-8482-77A2AD011B47}.Debug Docs|Any CPU.ActiveCfg = Debug|Any CPU
		{244152BA-EC59-4506-8482-77A2AD011B47}.Debug Docs|Any CPU.Build.0 = Debug|Any CPU
		{9A096964-E254-4906-A420-20F5A09F30AD}.Debug|Any CPU.ActiveCfg = Debug|Any CPU
		{9A096964-E254-4906-A420-20F5A09F30AD}.Debug|Any CPU.Build.0 = Debug|Any CPU
		{9A096964-E254-4906-A420-20F5A09F30AD}.Release|Any CPU.ActiveCfg = Release|Any CPU
		{9A096964-E254-4906-A420-20F5A09F30AD}.Release|Any CPU.Build.0 = Release|Any CPU
		{9A096964-E254-4906-A420-20F5A09F30AD}.Timings|Any CPU.ActiveCfg = Debug|Any CPU
		{9A096964-E254-4906-A420-20F5A09F30AD}.Timings|Any CPU.Build.0 = Debug|Any CPU
		{9A096964-E254-4906-A420-20F5A09F30AD}.Debug Design|Any CPU.ActiveCfg = Debug Design|Any CPU
		{9A096964-E254-4906-A420-20F5A09F30AD}.Debug Design|Any CPU.Build.0 = Debug Design|Any CPU
		{9A096964-E254-4906-A420-20F5A09F30AD}.Debug Docs|Any CPU.ActiveCfg = Debug Docs|Any CPU
		{9A096964-E254-4906-A420-20F5A09F30AD}.Debug Docs|Any CPU.Build.0 = Debug Docs|Any CPU
		{F0009219-C94E-4CCF-B9C7-235621D97106}.Debug|Any CPU.ActiveCfg = Debug|Any CPU
		{F0009219-C94E-4CCF-B9C7-235621D97106}.Debug|Any CPU.Build.0 = Debug|Any CPU
		{F0009219-C94E-4CCF-B9C7-235621D97106}.Release|Any CPU.ActiveCfg = Release|Any CPU
		{F0009219-C94E-4CCF-B9C7-235621D97106}.Release|Any CPU.Build.0 = Release|Any CPU
		{F0009219-C94E-4CCF-B9C7-235621D97106}.Timings|Any CPU.ActiveCfg = Debug|Any CPU
		{F0009219-C94E-4CCF-B9C7-235621D97106}.Timings|Any CPU.Build.0 = Debug|Any CPU
		{F0009219-C94E-4CCF-B9C7-235621D97106}.Debug Docs|Any CPU.ActiveCfg = Debug|Any CPU
		{F0009219-C94E-4CCF-B9C7-235621D97106}.Debug Docs|Any CPU.Build.0 = Debug|Any CPU
		{F0009219-C94E-4CCF-B9C7-235621D97106}.Debug Design|Any CPU.ActiveCfg = Debug|Any CPU
		{F0009219-C94E-4CCF-B9C7-235621D97106}.Debug Design|Any CPU.Build.0 = Debug|Any CPU
		{BC5BF488-FE53-4DA8-8D82-F3589A7B64AA}.Debug|Any CPU.ActiveCfg = Debug|Any CPU
		{BC5BF488-FE53-4DA8-8D82-F3589A7B64AA}.Debug|Any CPU.Build.0 = Debug|Any CPU
		{BC5BF488-FE53-4DA8-8D82-F3589A7B64AA}.Release|Any CPU.ActiveCfg = Release|Any CPU
		{BC5BF488-FE53-4DA8-8D82-F3589A7B64AA}.Release|Any CPU.Build.0 = Release|Any CPU
		{BC5BF488-FE53-4DA8-8D82-F3589A7B64AA}.Timings|Any CPU.ActiveCfg = Debug|Any CPU
		{BC5BF488-FE53-4DA8-8D82-F3589A7B64AA}.Timings|Any CPU.Build.0 = Debug|Any CPU
		{BC5BF488-FE53-4DA8-8D82-F3589A7B64AA}.Debug Docs|Any CPU.ActiveCfg = Debug|Any CPU
		{BC5BF488-FE53-4DA8-8D82-F3589A7B64AA}.Debug Docs|Any CPU.Build.0 = Debug|Any CPU
		{BC5BF488-FE53-4DA8-8D82-F3589A7B64AA}.Debug Design|Any CPU.ActiveCfg = Debug|Any CPU
		{BC5BF488-FE53-4DA8-8D82-F3589A7B64AA}.Debug Design|Any CPU.Build.0 = Debug|Any CPU
	EndGlobalSection
EndGlobal
